
Microsoft Visual Studio Solution File, Format Version 12.00
# Visual Studio Version 16
VisualStudioVersion = 16.0.29519.181
MinimumVisualStudioVersion = 10.0.40219.1
Project("{FAE04EC0-301F-11D3-BF4B-00C04F79EFBC}") = "EmlakSistemi", "EmlakSistemi\EmlakSistemi.csproj", "{4A7AD33A-C299-4FD7-9614-47B5F1C96F2E}"
EndProject
Global
	GlobalSection(SolutionConfigurationPlatforms) = preSolution
		Debug|Any CPU = Debug|Any CPU
		Release|Any CPU = Release|Any CPU
	EndGlobalSection
	GlobalSection(ProjectConfigurationPlatforms) = postSolution
		{4A7AD33A-C299-4FD7-9614-47B5F1C96F2E}.Debug|Any CPU.ActiveCfg = Debug|Any CPU
		{4A7AD33A-C299-4FD7-9614-47B5F1C96F2E}.Debug|Any CPU.Build.0 = Debug|Any CPU
		{4A7AD33A-C299-4FD7-9614-47B5F1C96F2E}.Release|Any CPU.ActiveCfg = Release|Any CPU
		{4A7AD33A-C299-4FD7-9614-47B5F1C96F2E}.Release|Any CPU.Build.0 = Release|Any CPU
	EndGlobalSection
	GlobalSection(SolutionProperties) = preSolution
		HideSolutionNode = FALSE
	EndGlobalSection
	GlobalSection(ExtensibilityGlobals) = postSolution
		SolutionGuid = {03180436-E633-4819-95BB-F54D80742C00}
	EndGlobalSection
EndGlobal
